
Microsoft Visual Studio Solution File, Format Version 12.00
# Visual Studio 14
VisualStudioVersion = 14.0.25420.1
MinimumVisualStudioVersion = 10.0.40219.1
Project("{2150E333-8FDC-42A3-9474-1A3956D46DE8}") = "1-Domain", "1-Domain", "{3D5A932D-F14A-4BFA-B7F4-6393FE4CDC3B}"
EndProject
Project("{2150E333-8FDC-42A3-9474-1A3956D46DE8}") = "2-Infrastructure", "2-Infrastructure", "{FC2BF848-3499-4DE8-932C-0C9E9931232B}"
EndProject
Project("{2150E333-8FDC-42A3-9474-1A3956D46DE8}") = "3-Services", "3-Services", "{20F35DB5-A515-4363-ADAD-7076F2460C45}"
EndProject
Project("{2150E333-8FDC-42A3-9474-1A3956D46DE8}") = "4-IoC", "4-IoC", "{AD7BD9DD-0267-4ACC-A93E-3BB637E9D9D8}"
EndProject
Project("{2150E333-8FDC-42A3-9474-1A3956D46DE8}") = "5-WebApi", "5-WebApi", "{FAB9A54A-D781-403F-84D4-9FE8F3147757}"
EndProject
Project("{FAE04EC0-301F-11D3-BF4B-00C04F79EFBC}") = "Domain", "Domain\Domain.csproj", "{899A007B-146F-41E8-BE42-4869BF3B28F1}"
EndProject
Project("{2150E333-8FDC-42A3-9474-1A3956D46DE8}") = "0-Common", "0-Common", "{8D701DF5-53C3-4FEB-B55A-4C4EF8500F57}"
EndProject
Project("{FAE04EC0-301F-11D3-BF4B-00C04F79EFBC}") = "Infrastructure.Data", "Infrastructure.Data\Infrastructure.Data.csproj", "{C087F53D-0DAB-4472-92FA-05E8BF8F2467}"
EndProject
Project("{FAE04EC0-301F-11D3-BF4B-00C04F79EFBC}") = "AppService", "AppService\AppService.csproj", "{C75A5EC5-21FC-4ED5-8C1C-7E0A78EB99D2}"
EndProject
Project("{FAE04EC0-301F-11D3-BF4B-00C04F79EFBC}") = "Startup", "Startup\Startup.csproj", "{9937D5D6-1DE7-4F2D-985F-15B2569BD387}"
EndProject
Project("{FAE04EC0-301F-11D3-BF4B-00C04F79EFBC}") = "Api", "Api\Api.csproj", "{0BF372DD-39D3-4152-90FE-A419D3575478}"
EndProject
Project("{FAE04EC0-301F-11D3-BF4B-00C04F79EFBC}") = "AppService.Test", "AppService.Test\AppService.Test.csproj", "{C1BAFD13-2FEB-42D0-ADCC-F46C1D124232}"
EndProject
Project("{FAE04EC0-301F-11D3-BF4B-00C04F79EFBC}") = "Extensions", "Extensions\Extensions.csproj", "{D2956D70-5ADC-4F51-A65E-5D025E9E6942}"
EndProject
Global
	GlobalSection(SolutionConfigurationPlatforms) = preSolution
		Debug|Any CPU = Debug|Any CPU
		Release|Any CPU = Release|Any CPU
	EndGlobalSection
	GlobalSection(ProjectConfigurationPlatforms) = postSolution
		{899A007B-146F-41E8-BE42-4869BF3B28F1}.Debug|Any CPU.ActiveCfg = Debug|Any CPU
		{899A007B-146F-41E8-BE42-4869BF3B28F1}.Debug|Any CPU.Build.0 = Debug|Any CPU
		{899A007B-146F-41E8-BE42-4869BF3B28F1}.Release|Any CPU.ActiveCfg = Release|Any CPU
		{899A007B-146F-41E8-BE42-4869BF3B28F1}.Release|Any CPU.Build.0 = Release|Any CPU
		{C087F53D-0DAB-4472-92FA-05E8BF8F2467}.Debug|Any CPU.ActiveCfg = Debug|Any CPU
		{C087F53D-0DAB-4472-92FA-05E8BF8F2467}.Debug|Any CPU.Build.0 = Debug|Any CPU
		{C087F53D-0DAB-4472-92FA-05E8BF8F2467}.Release|Any CPU.ActiveCfg = Release|Any CPU
		{C087F53D-0DAB-4472-92FA-05E8BF8F2467}.Release|Any CPU.Build.0 = Release|Any CPU
		{C75A5EC5-21FC-4ED5-8C1C-7E0A78EB99D2}.Debug|Any CPU.ActiveCfg = Debug|Any CPU
		{C75A5EC5-21FC-4ED5-8C1C-7E0A78EB99D2}.Debug|Any CPU.Build.0 = Debug|Any CPU
		{C75A5EC5-21FC-4ED5-8C1C-7E0A78EB99D2}.Release|Any CPU.ActiveCfg = Release|Any CPU
		{C75A5EC5-21FC-4ED5-8C1C-7E0A78EB99D2}.Release|Any CPU.Build.0 = Release|Any CPU
		{9937D5D6-1DE7-4F2D-985F-15B2569BD387}.Debug|Any CPU.ActiveCfg = Debug|Any CPU
		{9937D5D6-1DE7-4F2D-985F-15B2569BD387}.Debug|Any CPU.Build.0 = Debug|Any CPU
		{9937D5D6-1DE7-4F2D-985F-15B2569BD387}.Release|Any CPU.ActiveCfg = Release|Any CPU
		{9937D5D6-1DE7-4F2D-985F-15B2569BD387}.Release|Any CPU.Build.0 = Release|Any CPU
		{0BF372DD-39D3-4152-90FE-A419D3575478}.Debug|Any CPU.ActiveCfg = Debug|Any CPU
		{0BF372DD-39D3-4152-90FE-A419D3575478}.Debug|Any CPU.Build.0 = Debug|Any CPU
		{0BF372DD-39D3-4152-90FE-A419D3575478}.Release|Any CPU.ActiveCfg = Release|Any CPU
		{0BF372DD-39D3-4152-90FE-A419D3575478}.Release|Any CPU.Build.0 = Release|Any CPU
		{C1BAFD13-2FEB-42D0-ADCC-F46C1D124232}.Debug|Any CPU.ActiveCfg = Debug|Any CPU
		{C1BAFD13-2FEB-42D0-ADCC-F46C1D124232}.Debug|Any CPU.Build.0 = Debug|Any CPU
		{C1BAFD13-2FEB-42D0-ADCC-F46C1D124232}.Release|Any CPU.ActiveCfg = Release|Any CPU
		{C1BAFD13-2FEB-42D0-ADCC-F46C1D124232}.Release|Any CPU.Build.0 = Release|Any CPU
		{D2956D70-5ADC-4F51-A65E-5D025E9E6942}.Debug|Any CPU.ActiveCfg = Debug|Any CPU
		{D2956D70-5ADC-4F51-A65E-5D025E9E6942}.Debug|Any CPU.Build.0 = Debug|Any CPU
		{D2956D70-5ADC-4F51-A65E-5D025E9E6942}.Release|Any CPU.ActiveCfg = Release|Any CPU
		{D2956D70-5ADC-4F51-A65E-5D025E9E6942}.Release|Any CPU.Build.0 = Release|Any CPU
	EndGlobalSection
	GlobalSection(SolutionProperties) = preSolution
		HideSolutionNode = FALSE
	EndGlobalSection
	GlobalSection(NestedProjects) = preSolution
		{899A007B-146F-41E8-BE42-4869BF3B28F1} = {3D5A932D-F14A-4BFA-B7F4-6393FE4CDC3B}
		{C087F53D-0DAB-4472-92FA-05E8BF8F2467} = {FC2BF848-3499-4DE8-932C-0C9E9931232B}
		{C75A5EC5-21FC-4ED5-8C1C-7E0A78EB99D2} = {20F35DB5-A515-4363-ADAD-7076F2460C45}
		{9937D5D6-1DE7-4F2D-985F-15B2569BD387} = {AD7BD9DD-0267-4ACC-A93E-3BB637E9D9D8}
		{0BF372DD-39D3-4152-90FE-A419D3575478} = {FAB9A54A-D781-403F-84D4-9FE8F3147757}
		{C1BAFD13-2FEB-42D0-ADCC-F46C1D124232} = {20F35DB5-A515-4363-ADAD-7076F2460C45}
		{D2956D70-5ADC-4F51-A65E-5D025E9E6942} = {8D701DF5-53C3-4FEB-B55A-4C4EF8500F57}
	EndGlobalSection
EndGlobal
